// !$*UTF8*$!
{
	archiveVersion = 1;
	classes = {
	};
	objectVersion = 46;
	objects = {

/* Begin PBXBuildFile section */
		9928D6AF1F5EBF3E0072EEEE /* AppDelegate.swift in Sources */ = {isa = PBXBuildFile; fileRef = 9928D6AE1F5EBF3E0072EEEE /* AppDelegate.swift */; };
		9928D6B41F5EBF3E0072EEEE /* Main.storyboard in Resources */ = {isa = PBXBuildFile; fileRef = 9928D6B21F5EBF3E0072EEEE /* Main.storyboard */; };
		9928D6B61F5EBF3E0072EEEE /* Assets.xcassets in Resources */ = {isa = PBXBuildFile; fileRef = 9928D6B51F5EBF3E0072EEEE /* Assets.xcassets */; };
		9928D6B91F5EBF3E0072EEEE /* LaunchScreen.storyboard in Resources */ = {isa = PBXBuildFile; fileRef = 9928D6B71F5EBF3E0072EEEE /* LaunchScreen.storyboard */; };
		9928D6C61F5EBFF40072EEEE /* AppConstants.swift in Sources */ = {isa = PBXBuildFile; fileRef = 9928D6C01F5EBFF40072EEEE /* AppConstants.swift */; };
		9928D6C71F5EBFF40072EEEE /* EditMemeViewController.swift in Sources */ = {isa = PBXBuildFile; fileRef = 9928D6C11F5EBFF40072EEEE /* EditMemeViewController.swift */; };
		9928D6C81F5EBFF40072EEEE /* EditMemeViewController+Keyboard.swift in Sources */ = {isa = PBXBuildFile; fileRef = 9928D6C21F5EBFF40072EEEE /* EditMemeViewController+Keyboard.swift */; };
		9928D6C91F5EBFF40072EEEE /* MediaController.swift in Sources */ = {isa = PBXBuildFile; fileRef = 9928D6C31F5EBFF40072EEEE /* MediaController.swift */; };
		9928D6CA1F5EBFF40072EEEE /* Meme.swift in Sources */ = {isa = PBXBuildFile; fileRef = 9928D6C41F5EBFF40072EEEE /* Meme.swift */; };
		9928D6CB1F5EBFF40072EEEE /* SharingController.swift in Sources */ = {isa = PBXBuildFile; fileRef = 9928D6C51F5EBFF40072EEEE /* SharingController.swift */; };
		9928D6D11F5EC29B0072EEEE /* MemeTableViewController.swift in Sources */ = {isa = PBXBuildFile; fileRef = 9928D6D01F5EC29B0072EEEE /* MemeTableViewController.swift */; };
		9928D6D31F5ECB560072EEEE /* MemeCollectionViewController.swift in Sources */ = {isa = PBXBuildFile; fileRef = 9928D6D21F5ECB560072EEEE /* MemeCollectionViewController.swift */; };
		9928D6D51F5ECB880072EEEE /* MemeCollectionViewCell.swift in Sources */ = {isa = PBXBuildFile; fileRef = 9928D6D41F5ECB880072EEEE /* MemeCollectionViewCell.swift */; };
/* End PBXBuildFile section */

/* Begin PBXFileReference section */
		9928D6AB1F5EBF3E0072EEEE /* meme-app-v2.app */ = {isa = PBXFileReference; explicitFileType = wrapper.application; includeInIndex = 0; path = "meme-app-v2.app"; sourceTree = BUILT_PRODUCTS_DIR; };
		9928D6AE1F5EBF3E0072EEEE /* AppDelegate.swift */ = {isa = PBXFileReference; lastKnownFileType = sourcecode.swift; path = AppDelegate.swift; sourceTree = "<group>"; };
		9928D6B31F5EBF3E0072EEEE /* Base */ = {isa = PBXFileReference; lastKnownFileType = file.storyboard; name = Base; path = Base.lproj/Main.storyboard; sourceTree = "<group>"; };
		9928D6B51F5EBF3E0072EEEE /* Assets.xcassets */ = {isa = PBXFileReference; lastKnownFileType = folder.assetcatalog; path = Assets.xcassets; sourceTree = "<group>"; };
		9928D6B81F5EBF3E0072EEEE /* Base */ = {isa = PBXFileReference; lastKnownFileType = file.storyboard; name = Base; path = Base.lproj/LaunchScreen.storyboard; sourceTree = "<group>"; };
		9928D6BA1F5EBF3E0072EEEE /* Info.plist */ = {isa = PBXFileReference; lastKnownFileType = text.plist.xml; path = Info.plist; sourceTree = "<group>"; };
		9928D6C01F5EBFF40072EEEE /* AppConstants.swift */ = {isa = PBXFileReference; fileEncoding = 4; lastKnownFileType = sourcecode.swift; path = AppConstants.swift; sourceTree = "<group>"; };
		9928D6C11F5EBFF40072EEEE /* EditMemeViewController.swift */ = {isa = PBXFileReference; fileEncoding = 4; lastKnownFileType = sourcecode.swift; path = EditMemeViewController.swift; sourceTree = "<group>"; };
		9928D6C21F5EBFF40072EEEE /* EditMemeViewController+Keyboard.swift */ = {isa = PBXFileReference; fileEncoding = 4; lastKnownFileType = sourcecode.swift; path = "EditMemeViewController+Keyboard.swift"; sourceTree = "<group>"; };
		9928D6C31F5EBFF40072EEEE /* MediaController.swift */ = {isa = PBXFileReference; fileEncoding = 4; lastKnownFileType = sourcecode.swift; path = MediaController.swift; sourceTree = "<group>"; };
		9928D6C41F5EBFF40072EEEE /* Meme.swift */ = {isa = PBXFileReference; fileEncoding = 4; lastKnownFileType = sourcecode.swift; path = Meme.swift; sourceTree = "<group>"; };
		9928D6C51F5EBFF40072EEEE /* SharingController.swift */ = {isa = PBXFileReference; fileEncoding = 4; lastKnownFileType = sourcecode.swift; path = SharingController.swift; sourceTree = "<group>"; };
		9928D6D01F5EC29B0072EEEE /* MemeTableViewController.swift */ = {isa = PBXFileReference; fileEncoding = 4; lastKnownFileType = sourcecode.swift; path = MemeTableViewController.swift; sourceTree = "<group>"; };
		9928D6D21F5ECB560072EEEE /* MemeCollectionViewController.swift */ = {isa = PBXFileReference; fileEncoding = 4; lastKnownFileType = sourcecode.swift; path = MemeCollectionViewController.swift; sourceTree = "<group>"; };
		9928D6D41F5ECB880072EEEE /* MemeCollectionViewCell.swift */ = {isa = PBXFileReference; fileEncoding = 4; lastKnownFileType = sourcecode.swift; path = MemeCollectionViewCell.swift; sourceTree = "<group>"; };
/* End PBXFileReference section */

/* Begin PBXFrameworksBuildPhase section */
		9928D6A81F5EBF3E0072EEEE /* Frameworks */ = {
			isa = PBXFrameworksBuildPhase;
			buildActionMask = 2147483647;
			files = (
			);
			runOnlyForDeploymentPostprocessing = 0;
		};
/* End PBXFrameworksBuildPhase section */

/* Begin PBXGroup section */
		9928D6A21F5EBF3E0072EEEE = {
			isa = PBXGroup;
			children = (
				9928D6AD1F5EBF3E0072EEEE /* meme-app-v2 */,
				9928D6AC1F5EBF3E0072EEEE /* Products */,
			);
			sourceTree = "<group>";
		};
		9928D6AC1F5EBF3E0072EEEE /* Products */ = {
			isa = PBXGroup;
			children = (
				9928D6AB1F5EBF3E0072EEEE /* meme-app-v2.app */,
			);
			name = Products;
			sourceTree = "<group>";
		};
		9928D6AD1F5EBF3E0072EEEE /* meme-app-v2 */ = {
			isa = PBXGroup;
			children = (
				9928D6CF1F5EC0450072EEEE /* Aux */,
				9928D6CE1F5EC03E0072EEEE /* Controller */,
				9928D6CD1F5EC0390072EEEE /* View */,
				9928D6CC1F5EC0340072EEEE /* Model */,
			);
			path = "meme-app-v2";
			sourceTree = "<group>";
		};
		9928D6CC1F5EC0340072EEEE /* Model */ = {
			isa = PBXGroup;
			children = (
				9928D6C41F5EBFF40072EEEE /* Meme.swift */,
			);
			name = Model;
			sourceTree = "<group>";
		};
		9928D6CD1F5EC0390072EEEE /* View */ = {
			isa = PBXGroup;
			children = (
				9928D6B21F5EBF3E0072EEEE /* Main.storyboard */,
				9928D6B71F5EBF3E0072EEEE /* LaunchScreen.storyboard */,
				9928D6D41F5ECB880072EEEE /* MemeCollectionViewCell.swift */,
			);
			name = View;
			sourceTree = "<group>";
		};
		9928D6CE1F5EC03E0072EEEE /* Controller */ = {
			isa = PBXGroup;
			children = (
				9928D6C11F5EBFF40072EEEE /* EditMemeViewController.swift */,
				9928D6C21F5EBFF40072EEEE /* EditMemeViewController+Keyboard.swift */,
				9928D6C31F5EBFF40072EEEE /* MediaController.swift */,
				9928D6C51F5EBFF40072EEEE /* SharingController.swift */,
				9928D6D01F5EC29B0072EEEE /* MemeTableViewController.swift */,
				9928D6D21F5ECB560072EEEE /* MemeCollectionViewController.swift */,
			);
			name = Controller;
			sourceTree = "<group>";
		};
		9928D6CF1F5EC0450072EEEE /* Aux */ = {
			isa = PBXGroup;
			children = (
				9928D6C01F5EBFF40072EEEE /* AppConstants.swift */,
				9928D6AE1F5EBF3E0072EEEE /* AppDelegate.swift */,
				9928D6B51F5EBF3E0072EEEE /* Assets.xcassets */,
				9928D6BA1F5EBF3E0072EEEE /* Info.plist */,
			);
			name = Aux;
			sourceTree = "<group>";
		};
/* End PBXGroup section */

/* Begin PBXNativeTarget section */
		9928D6AA1F5EBF3E0072EEEE /* meme-app-v2 */ = {
			isa = PBXNativeTarget;
			buildConfigurationList = 9928D6BD1F5EBF3E0072EEEE /* Build configuration list for PBXNativeTarget "meme-app-v2" */;
			buildPhases = (
				9928D6A71F5EBF3E0072EEEE /* Sources */,
				9928D6A81F5EBF3E0072EEEE /* Frameworks */,
				9928D6A91F5EBF3E0072EEEE /* Resources */,
			);
			buildRules = (
			);
			dependencies = (
			);
			name = "meme-app-v2";
			productName = "meme-app-v2";
			productReference = 9928D6AB1F5EBF3E0072EEEE /* meme-app-v2.app */;
			productType = "com.apple.product-type.application";
		};
/* End PBXNativeTarget section */

/* Begin PBXProject section */
		9928D6A31F5EBF3E0072EEEE /* Project object */ = {
			isa = PBXProject;
			attributes = {
				LastSwiftUpdateCheck = 0830;
				LastUpgradeCheck = 0830;
				ORGANIZATIONNAME = "Danilo Gomes";
				TargetAttributes = {
					9928D6AA1F5EBF3E0072EEEE = {
						CreatedOnToolsVersion = 8.3.3;
						ProvisioningStyle = Automatic;
					};
				};
			};
			buildConfigurationList = 9928D6A61F5EBF3E0072EEEE /* Build configuration list for PBXProject "meme-app-v2" */;
			compatibilityVersion = "Xcode 3.2";
			developmentRegion = English;
			hasScannedForEncodings = 0;
			knownRegions = (
				en,
				Base,
			);
			mainGroup = 9928D6A21F5EBF3E0072EEEE;
			productRefGroup = 9928D6AC1F5EBF3E0072EEEE /* Products */;
			projectDirPath = "";
			projectRoot = "";
			targets = (
				9928D6AA1F5EBF3E0072EEEE /* meme-app-v2 */,
			);
		};
/* End PBXProject section */

/* Begin PBXResourcesBuildPhase section */
		9928D6A91F5EBF3E0072EEEE /* Resources */ = {
			isa = PBXResourcesBuildPhase;
			buildActionMask = 2147483647;
			files = (
				9928D6B91F5EBF3E0072EEEE /* LaunchScreen.storyboard in Resources */,
				9928D6B61F5EBF3E0072EEEE /* Assets.xcassets in Resources */,
				9928D6B41F5EBF3E0072EEEE /* Main.storyboard in Resources */,
			);
			runOnlyForDeploymentPostprocessing = 0;
		};
/* End PBXResourcesBuildPhase section */

/* Begin PBXSourcesBuildPhase section */
		9928D6A71F5EBF3E0072EEEE /* Sources */ = {
			isa = PBXSourcesBuildPhase;
			buildActionMask = 2147483647;
			files = (
				9928D6D51F5ECB880072EEEE /* MemeCollectionViewCell.swift in Sources */,
				9928D6C81F5EBFF40072EEEE /* EditMemeViewController+Keyboard.swift in Sources */,
				9928D6C71F5EBFF40072EEEE /* EditMemeViewController.swift in Sources */,
				9928D6AF1F5EBF3E0072EEEE /* AppDelegate.swift in Sources */,
				9928D6D11F5EC29B0072EEEE /* MemeTableViewController.swift in Sources */,
				9928D6D31F5ECB560072EEEE /* MemeCollectionViewController.swift in Sources */,
				9928D6CA1F5EBFF40072EEEE /* Meme.swift in Sources */,
				9928D6C61F5EBFF40072EEEE /* AppConstants.swift in Sources */,
				9928D6CB1F5EBFF40072EEEE /* SharingController.swift in Sources */,
				9928D6C91F5EBFF40072EEEE /* MediaController.swift in Sources */,
			);
			runOnlyForDeploymentPostprocessing = 0;
		};
/* End PBXSourcesBuildPhase section */

/* Begin PBXVariantGroup section */
		9928D6B21F5EBF3E0072EEEE /* Main.storyboard */ = {
			isa = PBXVariantGroup;
			children = (
				9928D6B31F5EBF3E0072EEEE /* Base */,
			);
			name = Main.storyboard;
			sourceTree = "<group>";
		};
		9928D6B71F5EBF3E0072EEEE /* LaunchScreen.storyboard */ = {
			isa = PBXVariantGroup;
			children = (
				9928D6B81F5EBF3E0072EEEE /* Base */,
			);
			name = LaunchScreen.storyboard;
			sourceTree = "<group>";
		};
/* End PBXVariantGroup section */

/* Begin XCBuildConfiguration section */
		9928D6BB1F5EBF3E0072EEEE /* Debug */ = {
			isa = XCBuildConfiguration;
			buildSettings = {
				ALWAYS_SEARCH_USER_PATHS = NO;
				CLANG_ANALYZER_NONNULL = YES;
				CLANG_ANALYZER_NUMBER_OBJECT_CONVERSION = YES_AGGRESSIVE;
				CLANG_CXX_LANGUAGE_STANDARD = "gnu++0x";
				CLANG_CXX_LIBRARY = "libc++";
				CLANG_ENABLE_MODULES = YES;
				CLANG_ENABLE_OBJC_ARC = YES;
				CLANG_WARN_BOOL_CONVERSION = YES;
				CLANG_WARN_CONSTANT_CONVERSION = YES;
				CLANG_WARN_DIRECT_OBJC_ISA_USAGE = YES_ERROR;
				CLANG_WARN_DOCUMENTATION_COMMENTS = YES;
				CLANG_WARN_EMPTY_BODY = YES;
				CLANG_WARN_ENUM_CONVERSION = YES;
				CLANG_WARN_INFINITE_RECURSION = YES;
				CLANG_WARN_INT_CONVERSION = YES;
				CLANG_WARN_OBJC_ROOT_CLASS = YES_ERROR;
				CLANG_WARN_SUSPICIOUS_MOVE = YES;
				CLANG_WARN_UNREACHABLE_CODE = YES;
				CLANG_WARN__DUPLICATE_METHOD_MATCH = YES;
				"CODE_SIGN_IDENTITY[sdk=iphoneos*]" = "iPhone Developer";
				COPY_PHASE_STRIP = NO;
				DEBUG_INFORMATION_FORMAT = dwarf;
				ENABLE_STRICT_OBJC_MSGSEND = YES;
				ENABLE_TESTABILITY = YES;
				GCC_C_LANGUAGE_STANDARD = gnu99;
				GCC_DYNAMIC_NO_PIC = NO;
				GCC_NO_COMMON_BLOCKS = YES;
				GCC_OPTIMIZATION_LEVEL = 0;
				GCC_PREPROCESSOR_DEFINITIONS = (
					"DEBUG=1",
					"$(inherited)",
				);
				GCC_WARN_64_TO_32_BIT_CONVERSION = YES;
				GCC_WARN_ABOUT_RETURN_TYPE = YES_ERROR;
				GCC_WARN_UNDECLARED_SELECTOR = YES;
				GCC_WARN_UNINITIALIZED_AUTOS = YES_AGGRESSIVE;
				GCC_WARN_UNUSED_FUNCTION = YES;
				GCC_WARN_UNUSED_VARIABLE = YES;
				IPHONEOS_DEPLOYMENT_TARGET = 10.3;
				MTL_ENABLE_DEBUG_INFO = YES;
				ONLY_ACTIVE_ARCH = YES;
				SDKROOT = iphoneos;
				SWIFT_ACTIVE_COMPILATION_CONDITIONS = DEBUG;
				SWIFT_OPTIMIZATION_LEVEL = "-Onone";
				TARGETED_DEVICE_FAMILY = "1,2";
			};
			name = Debug;
		};
		9928D6BC1F5EBF3E0072EEEE /* Release */ = {
			isa = XCBuildConfiguration;
			buildSettings = {
				ALWAYS_SEARCH_USER_PATHS = NO;
				CLANG_ANALYZER_NONNULL = YES;
				CLANG_ANALYZER_NUMBER_OBJECT_CONVERSION = YES_AGGRESSIVE;
				CLANG_CXX_LANGUAGE_STANDARD = "gnu++0x";
				CLANG_CXX_LIBRARY = "libc++";
				CLANG_ENABLE_MODULES = YES;
				CLANG_ENABLE_OBJC_ARC = YES;
				CLANG_WARN_BOOL_CONVERSION = YES;
				CLANG_WARN_CONSTANT_CONVERSION = YES;
				CLANG_WARN_DIRECT_OBJC_ISA_USAGE = YES_ERROR;
				CLANG_WARN_DOCUMENTATION_COMMENTS = YES;
				CLANG_WARN_EMPTY_BODY = YES;
				CLANG_WARN_ENUM_CONVERSION = YES;
				CLANG_WARN_INFINITE_RECURSION = YES;
				CLANG_WARN_INT_CONVERSION = YES;
				CLANG_WARN_OBJC_ROOT_CLASS = YES_ERROR;
				CLANG_WARN_SUSPICIOUS_MOVE = YES;
				CLANG_WARN_UNREACHABLE_CODE = YES;
				CLANG_WARN__DUPLICATE_METHOD_MATCH = YES;
				"CODE_SIGN_IDENTITY[sdk=iphoneos*]" = "iPhone Developer";
				COPY_PHASE_STRIP = NO;
				DEBUG_INFORMATION_FORMAT = "dwarf-with-dsym";
				ENABLE_NS_ASSERTIONS = NO;
				ENABLE_STRICT_OBJC_MSGSEND = YES;
				GCC_C_LANGUAGE_STANDARD = gnu99;
				GCC_NO_COMMON_BLOCKS = YES;
				GCC_WARN_64_TO_32_BIT_CONVERSION = YES;
				GCC_WARN_ABOUT_RETURN_TYPE = YES_ERROR;
				GCC_WARN_UNDECLARED_SELECTOR = YES;
				GCC_WARN_UNINITIALIZED_AUTOS = YES_AGGRESSIVE;
				GCC_WARN_UNUSED_FUNCTION = YES;
				GCC_WARN_UNUSED_VARIABLE = YES;
				IPHONEOS_DEPLOYMENT_TARGET = 10.3;
				MTL_ENABLE_DEBUG_INFO = NO;
				SDKROOT = iphoneos;
				SWIFT_OPTIMIZATION_LEVEL = "-Owholemodule";
				TARGETED_DEVICE_FAMILY = "1,2";
				VALIDATE_PRODUCT = YES;
			};
			name = Release;
		};
		9928D6BE1F5EBF3E0072EEEE /* Debug */ = {
			isa = XCBuildConfiguration;
			buildSettings = {
				ASSETCATALOG_COMPILER_APPICON_NAME = AppIcon;
				INFOPLIST_FILE = "meme-app-v2/Info.plist";
				LD_RUNPATH_SEARCH_PATHS = "$(inherited) @executable_path/Frameworks";
				PRODUCT_BUNDLE_IDENTIFIER = "com.drsg.samples.meme-app-v2";
				PRODUCT_NAME = "$(TARGET_NAME)";
				SWIFT_VERSION = 3.0;
			};
			name = Debug;
		};
		9928D6BF1F5EBF3E0072EEEE /* Release */ = {
			isa = XCBuildConfiguration;
			buildSettings = {
				ASSETCATALOG_COMPILER_APPICON_NAME = AppIcon;
				INFOPLIST_FILE = "meme-app-v2/Info.plist";
				LD_RUNPATH_SEARCH_PATHS = "$(inherited) @executable_path/Frameworks";
				PRODUCT_BUNDLE_IDENTIFIER = "com.drsg.samples.meme-app-v2";
				PRODUCT_NAME = "$(TARGET_NAME)";
				SWIFT_VERSION = 3.0;
			};
			name = Release;
		};
/* End XCBuildConfiguration section */

/* Begin XCConfigurationList section */
		9928D6A61F5EBF3E0072EEEE /* Build configuration list for PBXProject "meme-app-v2" */ = {
			isa = XCConfigurationList;
			buildConfigurations = (
				9928D6BB1F5EBF3E0072EEEE /* Debug */,
				9928D6BC1F5EBF3E0072EEEE /* Release */,
			);
			defaultConfigurationIsVisible = 0;
			defaultConfigurationName = Release;
		};
		9928D6BD1F5EBF3E0072EEEE /* Build configuration list for PBXNativeTarget "meme-app-v2" */ = {
			isa = XCConfigurationList;
			buildConfigurations = (
				9928D6BE1F5EBF3E0072EEEE /* Debug */,
				9928D6BF1F5EBF3E0072EEEE /* Release */,
			);
			defaultConfigurationIsVisible = 0;
			defaultConfigurationName = Release;
		};
/* End XCConfigurationList section */
	};
	rootObject = 9928D6A31F5EBF3E0072EEEE /* Project object */;
}
